
Microsoft Visual Studio Solution File, Format Version 12.00
# Visual Studio Version 17
VisualStudioVersion = 17.3.32922.545
MinimumVisualStudioVersion = 10.0.40219.1
Project("{FAE04EC0-301F-11D3-BF4B-00C04F79EFBC}") = "Practica 2", "Practica 2\Practica 2.csproj", "{AA0E1016-8991-4A7F-98D9-9DBB4E46A199}"
EndProject
Global
	GlobalSection(SolutionConfigurationPlatforms) = preSolution
		Debug|Any CPU = Debug|Any CPU
		Release|Any CPU = Release|Any CPU
	EndGlobalSection
	GlobalSection(ProjectConfigurationPlatforms) = postSolution
		{AA0E1016-8991-4A7F-98D9-9DBB4E46A199}.Debug|Any CPU.ActiveCfg = Debug|Any CPU
		{AA0E1016-8991-4A7F-98D9-9DBB4E46A199}.Debug|Any CPU.Build.0 = Debug|Any CPU
		{AA0E1016-8991-4A7F-98D9-9DBB4E46A199}.Release|Any CPU.ActiveCfg = Release|Any CPU
		{AA0E1016-8991-4A7F-98D9-9DBB4E46A199}.Release|Any CPU.Build.0 = Release|Any CPU
	EndGlobalSection
	GlobalSection(SolutionProperties) = preSolution
		HideSolutionNode = FALSE
	EndGlobalSection
	GlobalSection(ExtensibilityGlobals) = postSolution
		SolutionGuid = {3517D8B0-6967-47B4-BCA3-26C4F32E0132}
	EndGlobalSection
EndGlobal
